// !$*UTF8*$!
{
	archiveVersion = 1;
	classes = {
	};
	objectVersion = 46;
	objects = {

/* Begin PBXBuildFile section */
		8E0D76831C0D3796001BCF5E /* main.m in Sources */ = {isa = PBXBuildFile; fileRef = 8E0D76821C0D3796001BCF5E /* main.m */; };
		8E0D76861C0D3796001BCF5E /* AppDelegate.m in Sources */ = {isa = PBXBuildFile; fileRef = 8E0D76851C0D3796001BCF5E /* AppDelegate.m */; };
		8E0D76891C0D3796001BCF5E /* ViewController.m in Sources */ = {isa = PBXBuildFile; fileRef = 8E0D76881C0D3796001BCF5E /* ViewController.m */; };
		8E0D768C1C0D3796001BCF5E /* Main.storyboard in Resources */ = {isa = PBXBuildFile; fileRef = 8E0D768A1C0D3796001BCF5E /* Main.storyboard */; };
		8E0D768E1C0D3796001BCF5E /* Assets.xcassets in Resources */ = {isa = PBXBuildFile; fileRef = 8E0D768D1C0D3796001BCF5E /* Assets.xcassets */; };
		8E0D76911C0D3796001BCF5E /* LaunchScreen.storyboard in Resources */ = {isa = PBXBuildFile; fileRef = 8E0D768F1C0D3796001BCF5E /* LaunchScreen.storyboard */; };
		8E0D769C1C0D3796001BCF5E /* TestGitTests.m in Sources */ = {isa = PBXBuildFile; fileRef = 8E0D769B1C0D3796001BCF5E /* TestGitTests.m */; };
		8E0D76A71C0D3796001BCF5E /* TestGitUITests.m in Sources */ = {isa = PBXBuildFile; fileRef = 8E0D76A61C0D3796001BCF5E /* TestGitUITests.m */; };
/* End PBXBuildFile section */

/* Begin PBXContainerItemProxy section */
		8E0D76981C0D3796001BCF5E /* PBXContainerItemProxy */ = {
			isa = PBXContainerItemProxy;
			containerPortal = 8E0D76761C0D3796001BCF5E /* Project object */;
			proxyType = 1;
			remoteGlobalIDString = 8E0D767D1C0D3796001BCF5E;
			remoteInfo = TestGit;
		};
		8E0D76A31C0D3796001BCF5E /* PBXContainerItemProxy */ = {
			isa = PBXContainerItemProxy;
			containerPortal = 8E0D76761C0D3796001BCF5E /* Project object */;
			proxyType = 1;
			remoteGlobalIDString = 8E0D767D1C0D3796001BCF5E;
			remoteInfo = TestGit;
		};
/* End PBXContainerItemProxy section */

/* Begin PBXFileReference section */
		8E0D767E1C0D3796001BCF5E /* TestGit.app */ = {isa = PBXFileReference; explicitFileType = wrapper.application; includeInIndex = 0; path = TestGit.app; sourceTree = BUILT_PRODUCTS_DIR; };
		8E0D76821C0D3796001BCF5E /* main.m */ = {isa = PBXFileReference; lastKnownFileType = sourcecode.c.objc; path = main.m; sourceTree = "<group>"; };
		8E0D76841C0D3796001BCF5E /* AppDelegate.h */ = {isa = PBXFileReference; lastKnownFileType = sourcecode.c.h; path = AppDelegate.h; sourceTree = "<group>"; };
		8E0D76851C0D3796001BCF5E /* AppDelegate.m */ = {isa = PBXFileReference; lastKnownFileType = sourcecode.c.objc; path = AppDelegate.m; sourceTree = "<group>"; };
		8E0D76871C0D3796001BCF5E /* ViewController.h */ = {isa = PBXFileReference; lastKnownFileType = sourcecode.c.h; path = ViewController.h; sourceTree = "<group>"; };
		8E0D76881C0D3796001BCF5E /* ViewController.m */ = {isa = PBXFileReference; lastKnownFileType = sourcecode.c.objc; path = ViewController.m; sourceTree = "<group>"; };
		8E0D768B1C0D3796001BCF5E /* Base */ = {isa = PBXFileReference; lastKnownFileType = file.storyboard; name = Base; path = Base.lproj/Main.storyboard; sourceTree = "<group>"; };
		8E0D768D1C0D3796001BCF5E /* Assets.xcassets */ = {isa = PBXFileReference; lastKnownFileType = folder.assetcatalog; path = Assets.xcassets; sourceTree = "<group>"; };
		8E0D76901C0D3796001BCF5E /* Base */ = {isa = PBXFileReference; lastKnownFileType = file.storyboard; name = Base; path = Base.lproj/LaunchScreen.storyboard; sourceTree = "<group>"; };
		8E0D76921C0D3796001BCF5E /* Info.plist */ = {isa = PBXFileReference; lastKnownFileType = text.plist.xml; path = Info.plist; sourceTree = "<group>"; };
		8E0D76971C0D3796001BCF5E /* TestGitTests.xctest */ = {isa = PBXFileReference; explicitFileType = wrapper.cfbundle; includeInIndex = 0; path = TestGitTests.xctest; sourceTree = BUILT_PRODUCTS_DIR; };
		8E0D769B1C0D3796001BCF5E /* TestGitTests.m */ = {isa = PBXFileReference; lastKnownFileType = sourcecode.c.objc; path = TestGitTests.m; sourceTree = "<group>"; };
		8E0D769D1C0D3796001BCF5E /* Info.plist */ = {isa = PBXFileReference; lastKnownFileType = text.plist.xml; path = Info.plist; sourceTree = "<group>"; };
		8E0D76A21C0D3796001BCF5E /* TestGitUITests.xctest */ = {isa = PBXFileReference; explicitFileType = wrapper.cfbundle; includeInIndex = 0; path = TestGitUITests.xctest; sourceTree = BUILT_PRODUCTS_DIR; };
		8E0D76A61C0D3796001BCF5E /* TestGitUITests.m */ = {isa = PBXFileReference; lastKnownFileType = sourcecode.c.objc; path = TestGitUITests.m; sourceTree = "<group>"; };
		8E0D76A81C0D3796001BCF5E /* Info.plist */ = {isa = PBXFileReference; lastKnownFileType = text.plist.xml; path = Info.plist; sourceTree = "<group>"; };
/* End PBXFileReference section */

/* Begin PBXFrameworksBuildPhase section */
		8E0D767B1C0D3796001BCF5E /* Frameworks */ = {
			isa = PBXFrameworksBuildPhase;
			buildActionMask = 2147483647;
			files = (
			);
			runOnlyForDeploymentPostprocessing = 0;
		};
		8E0D76941C0D3796001BCF5E /* Frameworks */ = {
			isa = PBXFrameworksBuildPhase;
			buildActionMask = 2147483647;
			files = (
			);
			runOnlyForDeploymentPostprocessing = 0;
		};
		8E0D769F1C0D3796001BCF5E /* Frameworks */ = {
			isa = PBXFrameworksBuildPhase;
			buildActionMask = 2147483647;
			files = (
			);
			runOnlyForDeploymentPostprocessing = 0;
		};
/* End PBXFrameworksBuildPhase section */

/* Begin PBXGroup section */
		8E0D76751C0D3796001BCF5E = {
			isa = PBXGroup;
			children = (
				8E0D76801C0D3796001BCF5E /* TestGit */,
				8E0D769A1C0D3796001BCF5E /* TestGitTests */,
				8E0D76A51C0D3796001BCF5E /* TestGitUITests */,
				8E0D767F1C0D3796001BCF5E /* Products */,
			);
			sourceTree = "<group>";
		};
		8E0D767F1C0D3796001BCF5E /* Products */ = {
			isa = PBXGroup;
			children = (
				8E0D767E1C0D3796001BCF5E /* TestGit.app */,
				8E0D76971C0D3796001BCF5E /* TestGitTests.xctest */,
				8E0D76A21C0D3796001BCF5E /* TestGitUITests.xctest */,
			);
			name = Products;
			sourceTree = "<group>";
		};
		8E0D76801C0D3796001BCF5E /* TestGit */ = {
			isa = PBXGroup;
			children = (
				8E0D76841C0D3796001BCF5E /* AppDelegate.h */,
				8E0D76851C0D3796001BCF5E /* AppDelegate.m */,
				8E0D76871C0D3796001BCF5E /* ViewController.h */,
				8E0D76881C0D3796001BCF5E /* ViewController.m */,
				8E0D768A1C0D3796001BCF5E /* Main.storyboard */,
				8E0D768D1C0D3796001BCF5E /* Assets.xcassets */,
				8E0D768F1C0D3796001BCF5E /* LaunchScreen.storyboard */,
				8E0D76921C0D3796001BCF5E /* Info.plist */,
				8E0D76811C0D3796001BCF5E /* Supporting Files */,
			);
			path = TestGit;
			sourceTree = "<group>";
		};
		8E0D76811C0D3796001BCF5E /* Supporting Files */ = {
			isa = PBXGroup;
			children = (
				8E0D76821C0D3796001BCF5E /* main.m */,
			);
			name = "Supporting Files";
			sourceTree = "<group>";
		};
		8E0D769A1C0D3796001BCF5E /* TestGitTests */ = {
			isa = PBXGroup;
			children = (
				8E0D769B1C0D3796001BCF5E /* TestGitTests.m */,
				8E0D769D1C0D3796001BCF5E /* Info.plist */,
			);
			path = TestGitTests;
			sourceTree = "<group>";
		};
		8E0D76A51C0D3796001BCF5E /* TestGitUITests */ = {
			isa = PBXGroup;
			children = (
				8E0D76A61C0D3796001BCF5E /* TestGitUITests.m */,
				8E0D76A81C0D3796001BCF5E /* Info.plist */,
			);
			path = TestGitUITests;
			sourceTree = "<group>";
		};
/* End PBXGroup section */

/* Begin PBXNativeTarget section */
		8E0D767D1C0D3796001BCF5E /* TestGit */ = {
			isa = PBXNativeTarget;
			buildConfigurationList = 8E0D76AB1C0D3796001BCF5E /* Build configuration list for PBXNativeTarget "TestGit" */;
			buildPhases = (
				8E0D767A1C0D3796001BCF5E /* Sources */,
				8E0D767B1C0D3796001BCF5E /* Frameworks */,
				8E0D767C1C0D3796001BCF5E /* Resources */,
			);
			buildRules = (
			);
			dependencies = (
			);
			name = TestGit;
			productName = TestGit;
			productReference = 8E0D767E1C0D3796001BCF5E /* TestGit.app */;
			productType = "com.apple.product-type.application";
		};
		8E0D76961C0D3796001BCF5E /* TestGitTests */ = {
			isa = PBXNativeTarget;
			buildConfigurationList = 8E0D76AE1C0D3796001BCF5E /* Build configuration list for PBXNativeTarget "TestGitTests" */;
			buildPhases = (
				8E0D76931C0D3796001BCF5E /* Sources */,
				8E0D76941C0D3796001BCF5E /* Frameworks */,
				8E0D76951C0D3796001BCF5E /* Resources */,
			);
			buildRules = (
			);
			dependencies = (
				8E0D76991C0D3796001BCF5E /* PBXTargetDependency */,
			);
			name = TestGitTests;
			productName = TestGitTests;
			productReference = 8E0D76971C0D3796001BCF5E /* TestGitTests.xctest */;
			productType = "com.apple.product-type.bundle.unit-test";
		};
		8E0D76A11C0D3796001BCF5E /* TestGitUITests */ = {
			isa = PBXNativeTarget;
			buildConfigurationList = 8E0D76B11C0D3796001BCF5E /* Build configuration list for PBXNativeTarget "TestGitUITests" */;
			buildPhases = (
				8E0D769E1C0D3796001BCF5E /* Sources */,
				8E0D769F1C0D3796001BCF5E /* Frameworks */,
				8E0D76A01C0D3796001BCF5E /* Resources */,
			);
			buildRules = (
			);
			dependencies = (
				8E0D76A41C0D3796001BCF5E /* PBXTargetDependency */,
			);
			name = TestGitUITests;
			productName = TestGitUITests;
			productReference = 8E0D76A21C0D3796001BCF5E /* TestGitUITests.xctest */;
			productType = "com.apple.product-type.bundle.ui-testing";
		};
/* End PBXNativeTarget section */

/* Begin PBXProject section */
		8E0D76761C0D3796001BCF5E /* Project object */ = {
			isa = PBXProject;
			attributes = {
				LastUpgradeCheck = 0710;
				ORGANIZATIONNAME = Latte_Bear;
				TargetAttributes = {
					8E0D767D1C0D3796001BCF5E = {
						CreatedOnToolsVersion = 7.1;
					};
					8E0D76961C0D3796001BCF5E = {
						CreatedOnToolsVersion = 7.1;
						TestTargetID = 8E0D767D1C0D3796001BCF5E;
					};
					8E0D76A11C0D3796001BCF5E = {
						CreatedOnToolsVersion = 7.1;
						TestTargetID = 8E0D767D1C0D3796001BCF5E;
					};
				};
			};
			buildConfigurationList = 8E0D76791C0D3796001BCF5E /* Build configuration list for PBXProject "TestGit" */;
			compatibilityVersion = "Xcode 3.2";
			developmentRegion = English;
			hasScannedForEncodings = 0;
			knownRegions = (
				en,
				Base,
			);
			mainGroup = 8E0D76751C0D3796001BCF5E;
			productRefGroup = 8E0D767F1C0D3796001BCF5E /* Products */;
			projectDirPath = "";
			projectRoot = "";
			targets = (
				8E0D767D1C0D3796001BCF5E /* TestGit */,
				8E0D76961C0D3796001BCF5E /* TestGitTests */,
				8E0D76A11C0D3796001BCF5E /* TestGitUITests */,
			);
		};
/* End PBXProject section */

/* Begin PBXResourcesBuildPhase section */
		8E0D767C1C0D3796001BCF5E /* Resources */ = {
			isa = PBXResourcesBuildPhase;
			buildActionMask = 2147483647;
			files = (
				8E0D76911C0D3796001BCF5E /* LaunchScreen.storyboard in Resources */,
				8E0D768E1C0D3796001BCF5E /* Assets.xcassets in Resources */,
				8E0D768C1C0D3796001BCF5E /* Main.storyboard in Resources */,
			);
			runOnlyForDeploymentPostprocessing = 0;
		};
		8E0D76951C0D3796001BCF5E /* Resources */ = {
			isa = PBXResourcesBuildPhase;
			buildActionMask = 2147483647;
			files = (
			);
			runOnlyForDeploymentPostprocessing = 0;
		};
		8E0D76A01C0D3796001BCF5E /* Resources */ = {
			isa = PBXResourcesBuildPhase;
			buildActionMask = 2147483647;
			files = (
			);
			runOnlyForDeploymentPostprocessing = 0;
		};
/* End PBXResourcesBuildPhase section */

/* Begin PBXSourcesBuildPhase section */
		8E0D767A1C0D3796001BCF5E /* Sources */ = {
			isa = PBXSourcesBuildPhase;
			buildActionMask = 2147483647;
			files = (
				8E0D76891C0D3796001BCF5E /* ViewController.m in Sources */,
				8E0D76861C0D3796001BCF5E /* AppDelegate.m in Sources */,
				8E0D76831C0D3796001BCF5E /* main.m in Sources */,
			);
			runOnlyForDeploymentPostprocessing = 0;
		};
		8E0D76931C0D3796001BCF5E /* Sources */ = {
			isa = PBXSourcesBuildPhase;
			buildActionMask = 2147483647;
			files = (
				8E0D769C1C0D3796001BCF5E /* TestGitTests.m in Sources */,
			);
			runOnlyForDeploymentPostprocessing = 0;
		};
		8E0D769E1C0D3796001BCF5E /* Sources */ = {
			isa = PBXSourcesBuildPhase;
			buildActionMask = 2147483647;
			files = (
				8E0D76A71C0D3796001BCF5E /* TestGitUITests.m in Sources */,
			);
			runOnlyForDeploymentPostprocessing = 0;
		};
/* End PBXSourcesBuildPhase section */

/* Begin PBXTargetDependency section */
		8E0D76991C0D3796001BCF5E /* PBXTargetDependency */ = {
			isa = PBXTargetDependency;
			target = 8E0D767D1C0D3796001BCF5E /* TestGit */;
			targetProxy = 8E0D76981C0D3796001BCF5E /* PBXContainerItemProxy */;
		};
		8E0D76A41C0D3796001BCF5E /* PBXTargetDependency */ = {
			isa = PBXTargetDependency;
			target = 8E0D767D1C0D3796001BCF5E /* TestGit */;
			targetProxy = 8E0D76A31C0D3796001BCF5E /* PBXContainerItemProxy */;
		};
/* End PBXTargetDependency section */

/* Begin PBXVariantGroup section */
		8E0D768A1C0D3796001BCF5E /* Main.storyboard */ = {
			isa = PBXVariantGroup;
			children = (
				8E0D768B1C0D3796001BCF5E /* Base */,
			);
			name = Main.storyboard;
			sourceTree = "<group>";
		};
		8E0D768F1C0D3796001BCF5E /* LaunchScreen.storyboard */ = {
			isa = PBXVariantGroup;
			children = (
				8E0D76901C0D3796001BCF5E /* Base */,
			);
			name = LaunchScreen.storyboard;
			sourceTree = "<group>";
		};
/* End PBXVariantGroup section */

/* Begin XCBuildConfiguration section */
		8E0D76A91C0D3796001BCF5E /* Debug */ = {
			isa = XCBuildConfiguration;
			buildSettings = {
				ALWAYS_SEARCH_USER_PATHS = NO;
				CLANG_CXX_LANGUAGE_STANDARD = "gnu++0x";
				CLANG_CXX_LIBRARY = "libc++";
				CLANG_ENABLE_MODULES = YES;
				CLANG_ENABLE_OBJC_ARC = YES;
				CLANG_WARN_BOOL_CONVERSION = YES;
				CLANG_WARN_CONSTANT_CONVERSION = YES;
				CLANG_WARN_DIRECT_OBJC_ISA_USAGE = YES_ERROR;
				CLANG_WARN_EMPTY_BODY = YES;
				CLANG_WARN_ENUM_CONVERSION = YES;
				CLANG_WARN_INT_CONVERSION = YES;
				CLANG_WARN_OBJC_ROOT_CLASS = YES_ERROR;
				CLANG_WARN_UNREACHABLE_CODE = YES;
				CLANG_WARN__DUPLICATE_METHOD_MATCH = YES;
				"CODE_SIGN_IDENTITY[sdk=iphoneos*]" = "iPhone Developer";
				COPY_PHASE_STRIP = NO;
				DEBUG_INFORMATION_FORMAT = dwarf;
				ENABLE_STRICT_OBJC_MSGSEND = YES;
				ENABLE_TESTABILITY = YES;
				GCC_C_LANGUAGE_STANDARD = gnu99;
				GCC_DYNAMIC_NO_PIC = NO;
				GCC_NO_COMMON_BLOCKS = YES;
				GCC_OPTIMIZATION_LEVEL = 0;
				GCC_PREPROCESSOR_DEFINITIONS = (
					"DEBUG=1",
					"$(inherited)",
				);
				GCC_WARN_64_TO_32_BIT_CONVERSION = YES;
				GCC_WARN_ABOUT_RETURN_TYPE = YES_ERROR;
				GCC_WARN_UNDECLARED_SELECTOR = YES;
				GCC_WARN_UNINITIALIZED_AUTOS = YES_AGGRESSIVE;
				GCC_WARN_UNUSED_FUNCTION = YES;
				GCC_WARN_UNUSED_VARIABLE = YES;
				IPHONEOS_DEPLOYMENT_TARGET = 9.1;
				MTL_ENABLE_DEBUG_INFO = YES;
				ONLY_ACTIVE_ARCH = YES;
				SDKROOT = iphoneos;
			};
			name = Debug;
		};
		8E0D76AA1C0D3796001BCF5E /* Release */ = {
			isa = XCBuildConfiguration;
			buildSettings = {
				ALWAYS_SEARCH_USER_PATHS = NO;
				CLANG_CXX_LANGUAGE_STANDARD = "gnu++0x";
				CLANG_CXX_LIBRARY = "libc++";
				CLANG_ENABLE_MODULES = YES;
				CLANG_ENABLE_OBJC_ARC = YES;
				CLANG_WARN_BOOL_CONVERSION = YES;
				CLANG_WARN_CONSTANT_CONVERSION = YES;
				CLANG_WARN_DIRECT_OBJC_ISA_USAGE = YES_ERROR;
				CLANG_WARN_EMPTY_BODY = YES;
				CLANG_WARN_ENUM_CONVERSION = YES;
				CLANG_WARN_INT_CONVERSION = YES;
				CLANG_WARN_OBJC_ROOT_CLASS = YES_ERROR;
				CLANG_WARN_UNREACHABLE_CODE = YES;
				CLANG_WARN__DUPLICATE_METHOD_MATCH = YES;
				"CODE_SIGN_IDENTITY[sdk=iphoneos*]" = "iPhone Developer";
				COPY_PHASE_STRIP = NO;
				DEBUG_INFORMATION_FORMAT = "dwarf-with-dsym";
				ENABLE_NS_ASSERTIONS = NO;
				ENABLE_STRICT_OBJC_MSGSEND = YES;
				GCC_C_LANGUAGE_STANDARD = gnu99;
				GCC_NO_COMMON_BLOCKS = YES;
				GCC_WARN_64_TO_32_BIT_CONVERSION = YES;
				GCC_WARN_ABOUT_RETURN_TYPE = YES_ERROR;
				GCC_WARN_UNDECLARED_SELECTOR = YES;
				GCC_WARN_UNINITIALIZED_AUTOS = YES_AGGRESSIVE;
				GCC_WARN_UNUSED_FUNCTION = YES;
				GCC_WARN_UNUSED_VARIABLE = YES;
				IPHONEOS_DEPLOYMENT_TARGET = 9.1;
				MTL_ENABLE_DEBUG_INFO = NO;
				SDKROOT = iphoneos;
				VALIDATE_PRODUCT = YES;
			};
			name = Release;
		};
		8E0D76AC1C0D3796001BCF5E /* Debug */ = {
			isa = XCBuildConfiguration;
			buildSettings = {
				ASSETCATALOG_COMPILER_APPICON_NAME = AppIcon;
				INFOPLIST_FILE = TestGit/Info.plist;
				LD_RUNPATH_SEARCH_PATHS = "$(inherited) @executable_path/Frameworks";
				PRODUCT_BUNDLE_IDENTIFIER = cn.com.tarena.TestGit;
				PRODUCT_NAME = "$(TARGET_NAME)";
			};
			name = Debug;
		};
		8E0D76AD1C0D3796001BCF5E /* Release */ = {
			isa = XCBuildConfiguration;
			buildSettings = {
				ASSETCATALOG_COMPILER_APPICON_NAME = AppIcon;
				INFOPLIST_FILE = TestGit/Info.plist;
				LD_RUNPATH_SEARCH_PATHS = "$(inherited) @executable_path/Frameworks";
				PRODUCT_BUNDLE_IDENTIFIER = cn.com.tarena.TestGit;
				PRODUCT_NAME = "$(TARGET_NAME)";
			};
			name = Release;
		};
		8E0D76AF1C0D3796001BCF5E /* Debug */ = {
			isa = XCBuildConfiguration;
			buildSettings = {
				BUNDLE_LOADER = "$(TEST_HOST)";
				INFOPLIST_FILE = TestGitTests/Info.plist;
				LD_RUNPATH_SEARCH_PATHS = "$(inherited) @executable_path/Frameworks @loader_path/Frameworks";
				PRODUCT_BUNDLE_IDENTIFIER = cn.com.tarena.TestGitTests;
				PRODUCT_NAME = "$(TARGET_NAME)";
				TEST_HOST = "$(BUILT_PRODUCTS_DIR)/TestGit.app/TestGit";
			};
			name = Debug;
		};
		8E0D76B01C0D3796001BCF5E /* Release */ = {
			isa = XCBuildConfiguration;
			buildSettings = {
				BUNDLE_LOADER = "$(TEST_HOST)";
				INFOPLIST_FILE = TestGitTests/Info.plist;
				LD_RUNPATH_SEARCH_PATHS = "$(inherited) @executable_path/Frameworks @loader_path/Frameworks";
				PRODUCT_BUNDLE_IDENTIFIER = cn.com.tarena.TestGitTests;
				PRODUCT_NAME = "$(TARGET_NAME)";
				TEST_HOST = "$(BUILT_PRODUCTS_DIR)/TestGit.app/TestGit";
			};
			name = Release;
		};
		8E0D76B21C0D3796001BCF5E /* Debug */ = {
			isa = XCBuildConfiguration;
			buildSettings = {
				INFOPLIST_FILE = TestGitUITests/Info.plist;
				LD_RUNPATH_SEARCH_PATHS = "$(inherited) @executable_path/Frameworks @loader_path/Frameworks";
				PRODUCT_BUNDLE_IDENTIFIER = cn.com.tarena.TestGitUITests;
				PRODUCT_NAME = "$(TARGET_NAME)";
				TEST_TARGET_NAME = TestGit;
				USES_XCTRUNNER = YES;
			};
			name = Debug;
		};
		8E0D76B31C0D3796001BCF5E /* Release */ = {
			isa = XCBuildConfiguration;
			buildSettings = {
				INFOPLIST_FILE = TestGitUITests/Info.plist;
				LD_RUNPATH_SEARCH_PATHS = "$(inherited) @executable_path/Frameworks @loader_path/Frameworks";
				PRODUCT_BUNDLE_IDENTIFIER = cn.com.tarena.TestGitUITests;
				PRODUCT_NAME = "$(TARGET_NAME)";
				TEST_TARGET_NAME = TestGit;
				USES_XCTRUNNER = YES;
			};
			name = Release;
		};
/* End XCBuildConfiguration section */

/* Begin XCConfigurationList section */
		8E0D76791C0D3796001BCF5E /* Build configuration list for PBXProject "TestGit" */ = {
			isa = XCConfigurationList;
			buildConfigurations = (
				8E0D76A91C0D3796001BCF5E /* Debug */,
				8E0D76AA1C0D3796001BCF5E /* Release */,
			);
			defaultConfigurationIsVisible = 0;
			defaultConfigurationName = Release;
		};
		8E0D76AB1C0D3796001BCF5E /* Build configuration list for PBXNativeTarget "TestGit" */ = {
			isa = XCConfigurationList;
			buildConfigurations = (
				8E0D76AC1C0D3796001BCF5E /* Debug */,
				8E0D76AD1C0D3796001BCF5E /* Release */,
			);
			defaultConfigurationIsVisible = 0;
		};
		8E0D76AE1C0D3796001BCF5E /* Build configuration list for PBXNativeTarget "TestGitTests" */ = {
			isa = XCConfigurationList;
			buildConfigurations = (
				8E0D76AF1C0D3796001BCF5E /* Debug */,
				8E0D76B01C0D3796001BCF5E /* Release */,
			);
			defaultConfigurationIsVisible = 0;
		};
		8E0D76B11C0D3796001BCF5E /* Build configuration list for PBXNativeTarget "TestGitUITests" */ = {
			isa = XCConfigurationList;
			buildConfigurations = (
				8E0D76B21C0D3796001BCF5E /* Debug */,
				8E0D76B31C0D3796001BCF5E /* Release */,
			);
			defaultConfigurationIsVisible = 0;
		};
/* End XCConfigurationList section */
	};
	rootObject = 8E0D76761C0D3796001BCF5E /* Project object */;
}
